
Microsoft Visual Studio Solution File, Format Version 11.00
# Visual Studio 2010
Project("{8BC9CEB8-8B4A-11D0-8D11-00A0C91BC942}") = "Huffman", "Huffman\Huffman.vcxproj", "{C880F906-840D-4FA9-99A6-9041E3C5427C}"
EndProject
Global
	GlobalSection(SolutionConfigurationPlatforms) = preSolution
		Debug|Win32 = Debug|Win32
		Release|Win32 = Release|Win32
	EndGlobalSection
	GlobalSection(ProjectConfigurationPlatforms) = postSolution
		{C880F906-840D-4FA9-99A6-9041E3C5427C}.Debug|Win32.ActiveCfg = Debug|Win32
		{C880F906-840D-4FA9-99A6-9041E3C5427C}.Debug|Win32.Build.0 = Debug|Win32
		{C880F906-840D-4FA9-99A6-9041E3C5427C}.Release|Win32.ActiveCfg = Release|Win32
		{C880F906-840D-4FA9-99A6-9041E3C5427C}.Release|Win32.Build.0 = Release|Win32
	EndGlobalSection
	GlobalSection(SolutionProperties) = preSolution
		HideSolutionNode = FALSE
	EndGlobalSection
EndGlobal
